// !$*UTF8*$!
{
	archiveVersion = 1;
	classes = {
	};
	objectVersion = 55;
	objects = {

/* Begin PBXBuildFile section */
		0AAC0652272AB92800818356 /* AppDelegate.swift in Sources */ = {isa = PBXBuildFile; fileRef = 0AAC0651272AB92800818356 /* AppDelegate.swift */; };
		0AAC065B272AB92A00818356 /* Assets.xcassets in Resources */ = {isa = PBXBuildFile; fileRef = 0AAC065A272AB92A00818356 /* Assets.xcassets */; };
		0AAC065E272AB92A00818356 /* LaunchScreen.storyboard in Resources */ = {isa = PBXBuildFile; fileRef = 0AAC065C272AB92A00818356 /* LaunchScreen.storyboard */; };
		0AAC0669272AB92B00818356 /* Resolver_WorkshopTests.swift in Sources */ = {isa = PBXBuildFile; fileRef = 0AAC0668272AB92B00818356 /* Resolver_WorkshopTests.swift */; };
		0AAC0673272AB92B00818356 /* Resolver_WorkshopUITests.swift in Sources */ = {isa = PBXBuildFile; fileRef = 0AAC0672272AB92B00818356 /* Resolver_WorkshopUITests.swift */; };
		0AAC0675272AB92B00818356 /* Resolver_WorkshopUITestsLaunchTests.swift in Sources */ = {isa = PBXBuildFile; fileRef = 0AAC0674272AB92B00818356 /* Resolver_WorkshopUITestsLaunchTests.swift */; };
		0AAC0687272ABBE300818356 /* SwinjectAutoregistration in Frameworks */ = {isa = PBXBuildFile; productRef = 0AAC0686272ABBE300818356 /* SwinjectAutoregistration */; };
		0AAC068B272ABDE600818356 /* LoginWorker.swift in Sources */ = {isa = PBXBuildFile; fileRef = 0AAC068A272ABDE600818356 /* LoginWorker.swift */; };
		0AAC068D272ABE2000818356 /* AppDependencies.swift in Sources */ = {isa = PBXBuildFile; fileRef = 0AAC068C272ABE2000818356 /* AppDependencies.swift */; };
		0AAC0691272ABE6300818356 /* HomeViewController.swift in Sources */ = {isa = PBXBuildFile; fileRef = 0AAC0690272ABE6300818356 /* HomeViewController.swift */; };
		0AAC0693272ABEBE00818356 /* HomeViewControllerFactory.swift in Sources */ = {isa = PBXBuildFile; fileRef = 0AAC0692272ABEBE00818356 /* HomeViewControllerFactory.swift */; };
		0AAC0696272ABFE100818356 /* ServiceAssembly.swift in Sources */ = {isa = PBXBuildFile; fileRef = 0AAC0695272ABFE100818356 /* ServiceAssembly.swift */; };
		0AAC0698272AC01C00818356 /* SingletonAssembly.swift in Sources */ = {isa = PBXBuildFile; fileRef = 0AAC0697272AC01C00818356 /* SingletonAssembly.swift */; };
		0AAC069A272AC34800818356 /* SceneAssembly.swift in Sources */ = {isa = PBXBuildFile; fileRef = 0AAC0699272AC34800818356 /* SceneAssembly.swift */; };
		0AAC069D272AC57200818356 /* EasyPeasy in Frameworks */ = {isa = PBXBuildFile; productRef = 0AAC069C272AC57200818356 /* EasyPeasy */; };
		0AAC06A0272AC63200818356 /* UIColor+Extension.swift in Sources */ = {isa = PBXBuildFile; fileRef = 0AAC069F272AC63200818356 /* UIColor+Extension.swift */; };
		0AAC06A4272AC85400818356 /* ViewController.swift in Sources */ = {isa = PBXBuildFile; fileRef = 0AAC06A3272AC85400818356 /* ViewController.swift */; };
		0AAC06A7272AC93700818356 /* Global+Extension.swift in Sources */ = {isa = PBXBuildFile; fileRef = 0AAC06A6272AC93700818356 /* Global+Extension.swift */; };
/* End PBXBuildFile section */

/* Begin PBXContainerItemProxy section */
		0AAC0665272AB92B00818356 /* PBXContainerItemProxy */ = {
			isa = PBXContainerItemProxy;
			containerPortal = 0AAC0646272AB92700818356 /* Project object */;
			proxyType = 1;
			remoteGlobalIDString = 0AAC064D272AB92700818356;
			remoteInfo = "Resolver Workshop";
		};
		0AAC066F272AB92B00818356 /* PBXContainerItemProxy */ = {
			isa = PBXContainerItemProxy;
			containerPortal = 0AAC0646272AB92700818356 /* Project object */;
			proxyType = 1;
			remoteGlobalIDString = 0AAC064D272AB92700818356;
			remoteInfo = "Resolver Workshop";
		};
/* End PBXContainerItemProxy section */

/* Begin PBXFileReference section */
		0AAC064E272AB92800818356 /* Resolver Workshop.app */ = {isa = PBXFileReference; explicitFileType = wrapper.application; includeInIndex = 0; path = "Resolver Workshop.app"; sourceTree = BUILT_PRODUCTS_DIR; };
		0AAC0651272AB92800818356 /* AppDelegate.swift */ = {isa = PBXFileReference; lastKnownFileType = sourcecode.swift; path = AppDelegate.swift; sourceTree = "<group>"; };
		0AAC065A272AB92A00818356 /* Assets.xcassets */ = {isa = PBXFileReference; lastKnownFileType = folder.assetcatalog; path = Assets.xcassets; sourceTree = "<group>"; };
		0AAC065D272AB92A00818356 /* Base */ = {isa = PBXFileReference; lastKnownFileType = file.storyboard; name = Base; path = Base.lproj/LaunchScreen.storyboard; sourceTree = "<group>"; };
		0AAC065F272AB92A00818356 /* Info.plist */ = {isa = PBXFileReference; lastKnownFileType = text.plist.xml; path = Info.plist; sourceTree = "<group>"; };
		0AAC0664272AB92B00818356 /* Resolver WorkshopTests.xctest */ = {isa = PBXFileReference; explicitFileType = wrapper.cfbundle; includeInIndex = 0; path = "Resolver WorkshopTests.xctest"; sourceTree = BUILT_PRODUCTS_DIR; };
		0AAC0668272AB92B00818356 /* Resolver_WorkshopTests.swift */ = {isa = PBXFileReference; lastKnownFileType = sourcecode.swift; path = Resolver_WorkshopTests.swift; sourceTree = "<group>"; };
		0AAC066E272AB92B00818356 /* Resolver WorkshopUITests.xctest */ = {isa = PBXFileReference; explicitFileType = wrapper.cfbundle; includeInIndex = 0; path = "Resolver WorkshopUITests.xctest"; sourceTree = BUILT_PRODUCTS_DIR; };
		0AAC0672272AB92B00818356 /* Resolver_WorkshopUITests.swift */ = {isa = PBXFileReference; lastKnownFileType = sourcecode.swift; path = Resolver_WorkshopUITests.swift; sourceTree = "<group>"; };
		0AAC0674272AB92B00818356 /* Resolver_WorkshopUITestsLaunchTests.swift */ = {isa = PBXFileReference; lastKnownFileType = sourcecode.swift; path = Resolver_WorkshopUITestsLaunchTests.swift; sourceTree = "<group>"; };
		0AAC068A272ABDE600818356 /* LoginWorker.swift */ = {isa = PBXFileReference; lastKnownFileType = sourcecode.swift; path = LoginWorker.swift; sourceTree = "<group>"; };
		0AAC068C272ABE2000818356 /* AppDependencies.swift */ = {isa = PBXFileReference; lastKnownFileType = sourcecode.swift; path = AppDependencies.swift; sourceTree = "<group>"; };
		0AAC0690272ABE6300818356 /* HomeViewController.swift */ = {isa = PBXFileReference; lastKnownFileType = sourcecode.swift; path = HomeViewController.swift; sourceTree = "<group>"; };
		0AAC0692272ABEBE00818356 /* HomeViewControllerFactory.swift */ = {isa = PBXFileReference; lastKnownFileType = sourcecode.swift; path = HomeViewControllerFactory.swift; sourceTree = "<group>"; };
		0AAC0695272ABFE100818356 /* ServiceAssembly.swift */ = {isa = PBXFileReference; lastKnownFileType = sourcecode.swift; path = ServiceAssembly.swift; sourceTree = "<group>"; };
		0AAC0697272AC01C00818356 /* SingletonAssembly.swift */ = {isa = PBXFileReference; lastKnownFileType = sourcecode.swift; path = SingletonAssembly.swift; sourceTree = "<group>"; };
		0AAC0699272AC34800818356 /* SceneAssembly.swift */ = {isa = PBXFileReference; lastKnownFileType = sourcecode.swift; path = SceneAssembly.swift; sourceTree = "<group>"; };
		0AAC069F272AC63200818356 /* UIColor+Extension.swift */ = {isa = PBXFileReference; lastKnownFileType = sourcecode.swift; path = "UIColor+Extension.swift"; sourceTree = "<group>"; };
		0AAC06A3272AC85400818356 /* ViewController.swift */ = {isa = PBXFileReference; lastKnownFileType = sourcecode.swift; path = ViewController.swift; sourceTree = "<group>"; };
		0AAC06A6272AC93700818356 /* Global+Extension.swift */ = {isa = PBXFileReference; lastKnownFileType = sourcecode.swift; path = "Global+Extension.swift"; sourceTree = "<group>"; };
/* End PBXFileReference section */

/* Begin PBXFrameworksBuildPhase section */
		0AAC064B272AB92700818356 /* Frameworks */ = {
			isa = PBXFrameworksBuildPhase;
			buildActionMask = 2147483647;
			files = (
				0AAC0687272ABBE300818356 /* SwinjectAutoregistration in Frameworks */,
				0AAC069D272AC57200818356 /* EasyPeasy in Frameworks */,
			);
			runOnlyForDeploymentPostprocessing = 0;
		};
		0AAC0661272AB92B00818356 /* Frameworks */ = {
			isa = PBXFrameworksBuildPhase;
			buildActionMask = 2147483647;
			files = (
			);
			runOnlyForDeploymentPostprocessing = 0;
		};
		0AAC066B272AB92B00818356 /* Frameworks */ = {
			isa = PBXFrameworksBuildPhase;
			buildActionMask = 2147483647;
			files = (
			);
			runOnlyForDeploymentPostprocessing = 0;
		};
/* End PBXFrameworksBuildPhase section */

/* Begin PBXGroup section */
		0AAC0645272AB92700818356 = {
			isa = PBXGroup;
			children = (
				0AAC0650272AB92800818356 /* Resolver Workshop */,
				0AAC0667272AB92B00818356 /* Resolver WorkshopTests */,
				0AAC0671272AB92B00818356 /* Resolver WorkshopUITests */,
				0AAC064F272AB92800818356 /* Products */,
			);
			sourceTree = "<group>";
		};
		0AAC064F272AB92800818356 /* Products */ = {
			isa = PBXGroup;
			children = (
				0AAC064E272AB92800818356 /* Resolver Workshop.app */,
				0AAC0664272AB92B00818356 /* Resolver WorkshopTests.xctest */,
				0AAC066E272AB92B00818356 /* Resolver WorkshopUITests.xctest */,
			);
			name = Products;
			sourceTree = "<group>";
		};
		0AAC0650272AB92800818356 /* Resolver Workshop */ = {
			isa = PBXGroup;
			children = (
				0AAC06A1272AC84500818356 /* Base */,
				0AAC069E272AC62800818356 /* Extensions */,
				0AAC068E272ABE5600818356 /* Scenes */,
				0AAC0689272ABDD100818356 /* Services */,
				0AAC0688272ABDCC00818356 /* Dependencies */,
				0AAC0651272AB92800818356 /* AppDelegate.swift */,
				0AAC065A272AB92A00818356 /* Assets.xcassets */,
				0AAC065C272AB92A00818356 /* LaunchScreen.storyboard */,
				0AAC065F272AB92A00818356 /* Info.plist */,
			);
			path = "Resolver Workshop";
			sourceTree = "<group>";
		};
		0AAC0667272AB92B00818356 /* Resolver WorkshopTests */ = {
			isa = PBXGroup;
			children = (
				0AAC0668272AB92B00818356 /* Resolver_WorkshopTests.swift */,
			);
			path = "Resolver WorkshopTests";
			sourceTree = "<group>";
		};
		0AAC0671272AB92B00818356 /* Resolver WorkshopUITests */ = {
			isa = PBXGroup;
			children = (
				0AAC0672272AB92B00818356 /* Resolver_WorkshopUITests.swift */,
				0AAC0674272AB92B00818356 /* Resolver_WorkshopUITestsLaunchTests.swift */,
			);
			path = "Resolver WorkshopUITests";
			sourceTree = "<group>";
		};
		0AAC0688272ABDCC00818356 /* Dependencies */ = {
			isa = PBXGroup;
			children = (
				0AAC0694272ABFD900818356 /* Assemblies */,
				0AAC068C272ABE2000818356 /* AppDependencies.swift */,
			);
			path = Dependencies;
			sourceTree = "<group>";
		};
		0AAC0689272ABDD100818356 /* Services */ = {
			isa = PBXGroup;
			children = (
				0AAC068A272ABDE600818356 /* LoginWorker.swift */,
			);
			path = Services;
			sourceTree = "<group>";
		};
		0AAC068E272ABE5600818356 /* Scenes */ = {
			isa = PBXGroup;
			children = (
				0AAC068F272ABE5B00818356 /* Home */,
			);
			path = Scenes;
			sourceTree = "<group>";
		};
		0AAC068F272ABE5B00818356 /* Home */ = {
			isa = PBXGroup;
			children = (
				0AAC0690272ABE6300818356 /* HomeViewController.swift */,
				0AAC0692272ABEBE00818356 /* HomeViewControllerFactory.swift */,
			);
			path = Home;
			sourceTree = "<group>";
		};
		0AAC0694272ABFD900818356 /* Assemblies */ = {
			isa = PBXGroup;
			children = (
				0AAC0695272ABFE100818356 /* ServiceAssembly.swift */,
				0AAC0697272AC01C00818356 /* SingletonAssembly.swift */,
				0AAC0699272AC34800818356 /* SceneAssembly.swift */,
			);
			path = Assemblies;
			sourceTree = "<group>";
		};
		0AAC069E272AC62800818356 /* Extensions */ = {
			isa = PBXGroup;
			children = (
				0AAC069F272AC63200818356 /* UIColor+Extension.swift */,
				0AAC06A6272AC93700818356 /* Global+Extension.swift */,
			);
			path = Extensions;
			sourceTree = "<group>";
		};
		0AAC06A1272AC84500818356 /* Base */ = {
			isa = PBXGroup;
			children = (
				0AAC06A2272AC84A00818356 /* ViewController */,
			);
			path = Base;
			sourceTree = "<group>";
		};
		0AAC06A2272AC84A00818356 /* ViewController */ = {
			isa = PBXGroup;
			children = (
				0AAC06A3272AC85400818356 /* ViewController.swift */,
			);
			path = ViewController;
			sourceTree = "<group>";
		};
/* End PBXGroup section */

/* Begin PBXNativeTarget section */
		0AAC064D272AB92700818356 /* Resolver Workshop */ = {
			isa = PBXNativeTarget;
			buildConfigurationList = 0AAC0678272AB92B00818356 /* Build configuration list for PBXNativeTarget "Resolver Workshop" */;
			buildPhases = (
				0AAC064A272AB92700818356 /* Sources */,
				0AAC064B272AB92700818356 /* Frameworks */,
				0AAC064C272AB92700818356 /* Resources */,
			);
			buildRules = (
			);
			dependencies = (
			);
			name = "Resolver Workshop";
			packageProductDependencies = (
				0AAC0686272ABBE300818356 /* SwinjectAutoregistration */,
				0AAC069C272AC57200818356 /* EasyPeasy */,
			);
			productName = "Resolver Workshop";
			productReference = 0AAC064E272AB92800818356 /* Resolver Workshop.app */;
			productType = "com.apple.product-type.application";
		};
		0AAC0663272AB92B00818356 /* Resolver WorkshopTests */ = {
			isa = PBXNativeTarget;
			buildConfigurationList = 0AAC067B272AB92B00818356 /* Build configuration list for PBXNativeTarget "Resolver WorkshopTests" */;
			buildPhases = (
				0AAC0660272AB92B00818356 /* Sources */,
				0AAC0661272AB92B00818356 /* Frameworks */,
				0AAC0662272AB92B00818356 /* Resources */,
			);
			buildRules = (
			);
			dependencies = (
				0AAC0666272AB92B00818356 /* PBXTargetDependency */,
			);
			name = "Resolver WorkshopTests";
			productName = "Resolver WorkshopTests";
			productReference = 0AAC0664272AB92B00818356 /* Resolver WorkshopTests.xctest */;
			productType = "com.apple.product-type.bundle.unit-test";
		};
		0AAC066D272AB92B00818356 /* Resolver WorkshopUITests */ = {
			isa = PBXNativeTarget;
			buildConfigurationList = 0AAC067E272AB92B00818356 /* Build configuration list for PBXNativeTarget "Resolver WorkshopUITests" */;
			buildPhases = (
				0AAC066A272AB92B00818356 /* Sources */,
				0AAC066B272AB92B00818356 /* Frameworks */,
				0AAC066C272AB92B00818356 /* Resources */,
			);
			buildRules = (
			);
			dependencies = (
				0AAC0670272AB92B00818356 /* PBXTargetDependency */,
			);
			name = "Resolver WorkshopUITests";
			productName = "Resolver WorkshopUITests";
			productReference = 0AAC066E272AB92B00818356 /* Resolver WorkshopUITests.xctest */;
			productType = "com.apple.product-type.bundle.ui-testing";
		};
/* End PBXNativeTarget section */

/* Begin PBXProject section */
		0AAC0646272AB92700818356 /* Project object */ = {
			isa = PBXProject;
			attributes = {
				BuildIndependentTargetsInParallel = 1;
				LastSwiftUpdateCheck = 1300;
				LastUpgradeCheck = 1300;
				TargetAttributes = {
					0AAC064D272AB92700818356 = {
						CreatedOnToolsVersion = 13.0;
					};
					0AAC0663272AB92B00818356 = {
						CreatedOnToolsVersion = 13.0;
						TestTargetID = 0AAC064D272AB92700818356;
					};
					0AAC066D272AB92B00818356 = {
						CreatedOnToolsVersion = 13.0;
						TestTargetID = 0AAC064D272AB92700818356;
					};
				};
			};
			buildConfigurationList = 0AAC0649272AB92700818356 /* Build configuration list for PBXProject "Resolver Workshop" */;
			compatibilityVersion = "Xcode 13.0";
			developmentRegion = en;
			hasScannedForEncodings = 0;
			knownRegions = (
				en,
				Base,
			);
			mainGroup = 0AAC0645272AB92700818356;
			packageReferences = (
				0AAC0685272ABBE300818356 /* XCRemoteSwiftPackageReference "SwinjectAutoregistration" */,
				0AAC069B272AC57200818356 /* XCRemoteSwiftPackageReference "EasyPeasy" */,
			);
			productRefGroup = 0AAC064F272AB92800818356 /* Products */;
			projectDirPath = "";
			projectRoot = "";
			targets = (
				0AAC064D272AB92700818356 /* Resolver Workshop */,
				0AAC0663272AB92B00818356 /* Resolver WorkshopTests */,
				0AAC066D272AB92B00818356 /* Resolver WorkshopUITests */,
			);
		};
/* End PBXProject section */

/* Begin PBXResourcesBuildPhase section */
		0AAC064C272AB92700818356 /* Resources */ = {
			isa = PBXResourcesBuildPhase;
			buildActionMask = 2147483647;
			files = (
				0AAC065E272AB92A00818356 /* LaunchScreen.storyboard in Resources */,
				0AAC065B272AB92A00818356 /* Assets.xcassets in Resources */,
			);
			runOnlyForDeploymentPostprocessing = 0;
		};
		0AAC0662272AB92B00818356 /* Resources */ = {
			isa = PBXResourcesBuildPhase;
			buildActionMask = 2147483647;
			files = (
			);
			runOnlyForDeploymentPostprocessing = 0;
		};
		0AAC066C272AB92B00818356 /* Resources */ = {
			isa = PBXResourcesBuildPhase;
			buildActionMask = 2147483647;
			files = (
			);
			runOnlyForDeploymentPostprocessing = 0;
		};
/* End PBXResourcesBuildPhase section */

/* Begin PBXSourcesBuildPhase section */
		0AAC064A272AB92700818356 /* Sources */ = {
			isa = PBXSourcesBuildPhase;
			buildActionMask = 2147483647;
			files = (
				0AAC06A4272AC85400818356 /* ViewController.swift in Sources */,
				0AAC0691272ABE6300818356 /* HomeViewController.swift in Sources */,
				0AAC068D272ABE2000818356 /* AppDependencies.swift in Sources */,
				0AAC0652272AB92800818356 /* AppDelegate.swift in Sources */,
				0AAC06A0272AC63200818356 /* UIColor+Extension.swift in Sources */,
				0AAC0698272AC01C00818356 /* SingletonAssembly.swift in Sources */,
				0AAC069A272AC34800818356 /* SceneAssembly.swift in Sources */,
				0AAC06A7272AC93700818356 /* Global+Extension.swift in Sources */,
				0AAC0696272ABFE100818356 /* ServiceAssembly.swift in Sources */,
				0AAC0693272ABEBE00818356 /* HomeViewControllerFactory.swift in Sources */,
				0AAC068B272ABDE600818356 /* LoginWorker.swift in Sources */,
			);
			runOnlyForDeploymentPostprocessing = 0;
		};
		0AAC0660272AB92B00818356 /* Sources */ = {
			isa = PBXSourcesBuildPhase;
			buildActionMask = 2147483647;
			files = (
				0AAC0669272AB92B00818356 /* Resolver_WorkshopTests.swift in Sources */,
			);
			runOnlyForDeploymentPostprocessing = 0;
		};
		0AAC066A272AB92B00818356 /* Sources */ = {
			isa = PBXSourcesBuildPhase;
			buildActionMask = 2147483647;
			files = (
				0AAC0673272AB92B00818356 /* Resolver_WorkshopUITests.swift in Sources */,
				0AAC0675272AB92B00818356 /* Resolver_WorkshopUITestsLaunchTests.swift in Sources */,
			);
			runOnlyForDeploymentPostprocessing = 0;
		};
/* End PBXSourcesBuildPhase section */

/* Begin PBXTargetDependency section */
		0AAC0666272AB92B00818356 /* PBXTargetDependency */ = {
			isa = PBXTargetDependency;
			target = 0AAC064D272AB92700818356 /* Resolver Workshop */;
			targetProxy = 0AAC0665272AB92B00818356 /* PBXContainerItemProxy */;
		};
		0AAC0670272AB92B00818356 /* PBXTargetDependency */ = {
			isa = PBXTargetDependency;
			target = 0AAC064D272AB92700818356 /* Resolver Workshop */;
			targetProxy = 0AAC066F272AB92B00818356 /* PBXContainerItemProxy */;
		};
/* End PBXTargetDependency section */

/* Begin PBXVariantGroup section */
		0AAC065C272AB92A00818356 /* LaunchScreen.storyboard */ = {
			isa = PBXVariantGroup;
			children = (
				0AAC065D272AB92A00818356 /* Base */,
			);
			name = LaunchScreen.storyboard;
			sourceTree = "<group>";
		};
/* End PBXVariantGroup section */

/* Begin XCBuildConfiguration section */
		0AAC0676272AB92B00818356 /* Debug */ = {
			isa = XCBuildConfiguration;
			buildSettings = {
				ALWAYS_SEARCH_USER_PATHS = NO;
				CLANG_ANALYZER_NONNULL = YES;
				CLANG_ANALYZER_NUMBER_OBJECT_CONVERSION = YES_AGGRESSIVE;
				CLANG_CXX_LANGUAGE_STANDARD = "gnu++17";
				CLANG_CXX_LIBRARY = "libc++";
				CLANG_ENABLE_MODULES = YES;
				CLANG_ENABLE_OBJC_ARC = YES;
				CLANG_ENABLE_OBJC_WEAK = YES;
				CLANG_WARN_BLOCK_CAPTURE_AUTORELEASING = YES;
				CLANG_WARN_BOOL_CONVERSION = YES;
				CLANG_WARN_COMMA = YES;
				CLANG_WARN_CONSTANT_CONVERSION = YES;
				CLANG_WARN_DEPRECATED_OBJC_IMPLEMENTATIONS = YES;
				CLANG_WARN_DIRECT_OBJC_ISA_USAGE = YES_ERROR;
				CLANG_WARN_DOCUMENTATION_COMMENTS = YES;
				CLANG_WARN_EMPTY_BODY = YES;
				CLANG_WARN_ENUM_CONVERSION = YES;
				CLANG_WARN_INFINITE_RECURSION = YES;
				CLANG_WARN_INT_CONVERSION = YES;
				CLANG_WARN_NON_LITERAL_NULL_CONVERSION = YES;
				CLANG_WARN_OBJC_IMPLICIT_RETAIN_SELF = YES;
				CLANG_WARN_OBJC_LITERAL_CONVERSION = YES;
				CLANG_WARN_OBJC_ROOT_CLASS = YES_ERROR;
				CLANG_WARN_QUOTED_INCLUDE_IN_FRAMEWORK_HEADER = YES;
				CLANG_WARN_RANGE_LOOP_ANALYSIS = YES;
				CLANG_WARN_STRICT_PROTOTYPES = YES;
				CLANG_WARN_SUSPICIOUS_MOVE = YES;
				CLANG_WARN_UNGUARDED_AVAILABILITY = YES_AGGRESSIVE;
				CLANG_WARN_UNREACHABLE_CODE = YES;
				CLANG_WARN__DUPLICATE_METHOD_MATCH = YES;
				COPY_PHASE_STRIP = NO;
				DEBUG_INFORMATION_FORMAT = dwarf;
				ENABLE_STRICT_OBJC_MSGSEND = YES;
				ENABLE_TESTABILITY = YES;
				GCC_C_LANGUAGE_STANDARD = gnu11;
				GCC_DYNAMIC_NO_PIC = NO;
				GCC_NO_COMMON_BLOCKS = YES;
				GCC_OPTIMIZATION_LEVEL = 0;
				GCC_PREPROCESSOR_DEFINITIONS = (
					"DEBUG=1",
					"$(inherited)",
				);
				GCC_WARN_64_TO_32_BIT_CONVERSION = YES;
				GCC_WARN_ABOUT_RETURN_TYPE = YES_ERROR;
				GCC_WARN_UNDECLARED_SELECTOR = YES;
				GCC_WARN_UNINITIALIZED_AUTOS = YES_AGGRESSIVE;
				GCC_WARN_UNUSED_FUNCTION = YES;
				GCC_WARN_UNUSED_VARIABLE = YES;
				IPHONEOS_DEPLOYMENT_TARGET = 15.0;
				MTL_ENABLE_DEBUG_INFO = INCLUDE_SOURCE;
				MTL_FAST_MATH = YES;
				ONLY_ACTIVE_ARCH = YES;
				SDKROOT = iphoneos;
				SWIFT_ACTIVE_COMPILATION_CONDITIONS = DEBUG;
				SWIFT_OPTIMIZATION_LEVEL = "-Onone";
			};
			name = Debug;
		};
		0AAC0677272AB92B00818356 /* Release */ = {
			isa = XCBuildConfiguration;
			buildSettings = {
				ALWAYS_SEARCH_USER_PATHS = NO;
				CLANG_ANALYZER_NONNULL = YES;
				CLANG_ANALYZER_NUMBER_OBJECT_CONVERSION = YES_AGGRESSIVE;
				CLANG_CXX_LANGUAGE_STANDARD = "gnu++17";
				CLANG_CXX_LIBRARY = "libc++";
				CLANG_ENABLE_MODULES = YES;
				CLANG_ENABLE_OBJC_ARC = YES;
				CLANG_ENABLE_OBJC_WEAK = YES;
				CLANG_WARN_BLOCK_CAPTURE_AUTORELEASING = YES;
				CLANG_WARN_BOOL_CONVERSION = YES;
				CLANG_WARN_COMMA = YES;
				CLANG_WARN_CONSTANT_CONVERSION = YES;
				CLANG_WARN_DEPRECATED_OBJC_IMPLEMENTATIONS = YES;
				CLANG_WARN_DIRECT_OBJC_ISA_USAGE = YES_ERROR;
				CLANG_WARN_DOCUMENTATION_COMMENTS = YES;
				CLANG_WARN_EMPTY_BODY = YES;
				CLANG_WARN_ENUM_CONVERSION = YES;
				CLANG_WARN_INFINITE_RECURSION = YES;
				CLANG_WARN_INT_CONVERSION = YES;
				CLANG_WARN_NON_LITERAL_NULL_CONVERSION = YES;
				CLANG_WARN_OBJC_IMPLICIT_RETAIN_SELF = YES;
				CLANG_WARN_OBJC_LITERAL_CONVERSION = YES;
				CLANG_WARN_OBJC_ROOT_CLASS = YES_ERROR;
				CLANG_WARN_QUOTED_INCLUDE_IN_FRAMEWORK_HEADER = YES;
				CLANG_WARN_RANGE_LOOP_ANALYSIS = YES;
				CLANG_WARN_STRICT_PROTOTYPES = YES;
				CLANG_WARN_SUSPICIOUS_MOVE = YES;
				CLANG_WARN_UNGUARDED_AVAILABILITY = YES_AGGRESSIVE;
				CLANG_WARN_UNREACHABLE_CODE = YES;
				CLANG_WARN__DUPLICATE_METHOD_MATCH = YES;
				COPY_PHASE_STRIP = NO;
				DEBUG_INFORMATION_FORMAT = "dwarf-with-dsym";
				ENABLE_NS_ASSERTIONS = NO;
				ENABLE_STRICT_OBJC_MSGSEND = YES;
				GCC_C_LANGUAGE_STANDARD = gnu11;
				GCC_NO_COMMON_BLOCKS = YES;
				GCC_WARN_64_TO_32_BIT_CONVERSION = YES;
				GCC_WARN_ABOUT_RETURN_TYPE = YES_ERROR;
				GCC_WARN_UNDECLARED_SELECTOR = YES;
				GCC_WARN_UNINITIALIZED_AUTOS = YES_AGGRESSIVE;
				GCC_WARN_UNUSED_FUNCTION = YES;
				GCC_WARN_UNUSED_VARIABLE = YES;
				IPHONEOS_DEPLOYMENT_TARGET = 15.0;
				MTL_ENABLE_DEBUG_INFO = NO;
				MTL_FAST_MATH = YES;
				SDKROOT = iphoneos;
				SWIFT_COMPILATION_MODE = wholemodule;
				SWIFT_OPTIMIZATION_LEVEL = "-O";
				VALIDATE_PRODUCT = YES;
			};
			name = Release;
		};
		0AAC0679272AB92B00818356 /* Debug */ = {
			isa = XCBuildConfiguration;
			buildSettings = {
				ASSETCATALOG_COMPILER_APPICON_NAME = AppIcon;
				ASSETCATALOG_COMPILER_GLOBAL_ACCENT_COLOR_NAME = AccentColor;
				CODE_SIGN_STYLE = Automatic;
				CURRENT_PROJECT_VERSION = 1;
				DEVELOPMENT_TEAM = JB3BDGC96R;
				GENERATE_INFOPLIST_FILE = YES;
				INFOPLIST_FILE = "Resolver Workshop/Info.plist";
				INFOPLIST_KEY_UIApplicationSupportsIndirectInputEvents = YES;
				INFOPLIST_KEY_UILaunchStoryboardName = LaunchScreen;
				INFOPLIST_KEY_UISupportedInterfaceOrientations = UIInterfaceOrientationPortrait;
				INFOPLIST_KEY_UISupportedInterfaceOrientations_iPad = "UIInterfaceOrientationPortrait UIInterfaceOrientationPortraitUpsideDown UIInterfaceOrientationLandscapeLeft UIInterfaceOrientationLandscapeRight";
				INFOPLIST_KEY_UISupportedInterfaceOrientations_iPhone = "UIInterfaceOrientationPortrait UIInterfaceOrientationLandscapeLeft UIInterfaceOrientationLandscapeRight";
				LD_RUNPATH_SEARCH_PATHS = (
					"$(inherited)",
					"@executable_path/Frameworks",
				);
				MARKETING_VERSION = 1.0;
				PRODUCT_BUNDLE_IDENTIFIER = "com.wearetriple.ios.resolver.workshop.Resolver-Workshop";
				PRODUCT_NAME = "$(TARGET_NAME)";
				SWIFT_EMIT_LOC_STRINGS = YES;
				SWIFT_VERSION = 5.0;
				TARGETED_DEVICE_FAMILY = 1;
			};
			name = Debug;
		};
		0AAC067A272AB92B00818356 /* Release */ = {
			isa = XCBuildConfiguration;
			buildSettings = {
				ASSETCATALOG_COMPILER_APPICON_NAME = AppIcon;
				ASSETCATALOG_COMPILER_GLOBAL_ACCENT_COLOR_NAME = AccentColor;
				CODE_SIGN_STYLE = Automatic;
				CURRENT_PROJECT_VERSION = 1;
				DEVELOPMENT_TEAM = JB3BDGC96R;
				GENERATE_INFOPLIST_FILE = YES;
				INFOPLIST_FILE = "Resolver Workshop/Info.plist";
				INFOPLIST_KEY_UIApplicationSupportsIndirectInputEvents = YES;
				INFOPLIST_KEY_UILaunchStoryboardName = LaunchScreen;
				INFOPLIST_KEY_UISupportedInterfaceOrientations = UIInterfaceOrientationPortrait;
				INFOPLIST_KEY_UISupportedInterfaceOrientations_iPad = "UIInterfaceOrientationPortrait UIInterfaceOrientationPortraitUpsideDown UIInterfaceOrientationLandscapeLeft UIInterfaceOrientationLandscapeRight";
				INFOPLIST_KEY_UISupportedInterfaceOrientations_iPhone = "UIInterfaceOrientationPortrait UIInterfaceOrientationLandscapeLeft UIInterfaceOrientationLandscapeRight";
				LD_RUNPATH_SEARCH_PATHS = (
					"$(inherited)",
					"@executable_path/Frameworks",
				);
				MARKETING_VERSION = 1.0;
				PRODUCT_BUNDLE_IDENTIFIER = "com.wearetriple.ios.resolver.workshop.Resolver-Workshop";
				PRODUCT_NAME = "$(TARGET_NAME)";
				SWIFT_EMIT_LOC_STRINGS = YES;
				SWIFT_VERSION = 5.0;
				TARGETED_DEVICE_FAMILY = 1;
			};
			name = Release;
		};
		0AAC067C272AB92B00818356 /* Debug */ = {
			isa = XCBuildConfiguration;
			buildSettings = {
				ALWAYS_EMBED_SWIFT_STANDARD_LIBRARIES = YES;
				BUNDLE_LOADER = "$(TEST_HOST)";
				CODE_SIGN_STYLE = Automatic;
				CURRENT_PROJECT_VERSION = 1;
				DEVELOPMENT_TEAM = JB3BDGC96R;
				GENERATE_INFOPLIST_FILE = YES;
				IPHONEOS_DEPLOYMENT_TARGET = 15.0;
				LD_RUNPATH_SEARCH_PATHS = (
					"$(inherited)",
					"@executable_path/Frameworks",
					"@loader_path/Frameworks",
				);
				MARKETING_VERSION = 1.0;
				PRODUCT_BUNDLE_IDENTIFIER = "com.wearetriple.ios.resolver.workshop.Resolver-WorkshopTests";
				PRODUCT_NAME = "$(TARGET_NAME)";
				SWIFT_EMIT_LOC_STRINGS = NO;
				SWIFT_VERSION = 5.0;
				TARGETED_DEVICE_FAMILY = "1,2";
				TEST_HOST = "$(BUILT_PRODUCTS_DIR)/Resolver Workshop.app/Resolver Workshop";
			};
			name = Debug;
		};
		0AAC067D272AB92B00818356 /* Release */ = {
			isa = XCBuildConfiguration;
			buildSettings = {
				ALWAYS_EMBED_SWIFT_STANDARD_LIBRARIES = YES;
				BUNDLE_LOADER = "$(TEST_HOST)";
				CODE_SIGN_STYLE = Automatic;
				CURRENT_PROJECT_VERSION = 1;
				DEVELOPMENT_TEAM = JB3BDGC96R;
				GENERATE_INFOPLIST_FILE = YES;
				IPHONEOS_DEPLOYMENT_TARGET = 15.0;
				LD_RUNPATH_SEARCH_PATHS = (
					"$(inherited)",
					"@executable_path/Frameworks",
					"@loader_path/Frameworks",
				);
				MARKETING_VERSION = 1.0;
				PRODUCT_BUNDLE_IDENTIFIER = "com.wearetriple.ios.resolver.workshop.Resolver-WorkshopTests";
				PRODUCT_NAME = "$(TARGET_NAME)";
				SWIFT_EMIT_LOC_STRINGS = NO;
				SWIFT_VERSION = 5.0;
				TARGETED_DEVICE_FAMILY = "1,2";
				TEST_HOST = "$(BUILT_PRODUCTS_DIR)/Resolver Workshop.app/Resolver Workshop";
			};
			name = Release;
		};
		0AAC067F272AB92B00818356 /* Debug */ = {
			isa = XCBuildConfiguration;
			buildSettings = {
				ALWAYS_EMBED_SWIFT_STANDARD_LIBRARIES = YES;
				CODE_SIGN_STYLE = Automatic;
				CURRENT_PROJECT_VERSION = 1;
				DEVELOPMENT_TEAM = JB3BDGC96R;
				GENERATE_INFOPLIST_FILE = YES;
				LD_RUNPATH_SEARCH_PATHS = (
					"$(inherited)",
					"@executable_path/Frameworks",
					"@loader_path/Frameworks",
				);
				MARKETING_VERSION = 1.0;
				PRODUCT_BUNDLE_IDENTIFIER = "com.wearetriple.ios.resolver.workshop.Resolver-WorkshopUITests";
				PRODUCT_NAME = "$(TARGET_NAME)";
				SWIFT_EMIT_LOC_STRINGS = NO;
				SWIFT_VERSION = 5.0;
				TARGETED_DEVICE_FAMILY = "1,2";
				TEST_TARGET_NAME = "Resolver Workshop";
			};
			name = Debug;
		};
		0AAC0680272AB92B00818356 /* Release */ = {
			isa = XCBuildConfiguration;
			buildSettings = {
				ALWAYS_EMBED_SWIFT_STANDARD_LIBRARIES = YES;
				CODE_SIGN_STYLE = Automatic;
				CURRENT_PROJECT_VERSION = 1;
				DEVELOPMENT_TEAM = JB3BDGC96R;
				GENERATE_INFOPLIST_FILE = YES;
				LD_RUNPATH_SEARCH_PATHS = (
					"$(inherited)",
					"@executable_path/Frameworks",
					"@loader_path/Frameworks",
				);
				MARKETING_VERSION = 1.0;
				PRODUCT_BUNDLE_IDENTIFIER = "com.wearetriple.ios.resolver.workshop.Resolver-WorkshopUITests";
				PRODUCT_NAME = "$(TARGET_NAME)";
				SWIFT_EMIT_LOC_STRINGS = NO;
				SWIFT_VERSION = 5.0;
				TARGETED_DEVICE_FAMILY = "1,2";
				TEST_TARGET_NAME = "Resolver Workshop";
			};
			name = Release;
		};
/* End XCBuildConfiguration section */

/* Begin XCConfigurationList section */
		0AAC0649272AB92700818356 /* Build configuration list for PBXProject "Resolver Workshop" */ = {
			isa = XCConfigurationList;
			buildConfigurations = (
				0AAC0676272AB92B00818356 /* Debug */,
				0AAC0677272AB92B00818356 /* Release */,
			);
			defaultConfigurationIsVisible = 0;
			defaultConfigurationName = Release;
		};
		0AAC0678272AB92B00818356 /* Build configuration list for PBXNativeTarget "Resolver Workshop" */ = {
			isa = XCConfigurationList;
			buildConfigurations = (
				0AAC0679272AB92B00818356 /* Debug */,
				0AAC067A272AB92B00818356 /* Release */,
			);
			defaultConfigurationIsVisible = 0;
			defaultConfigurationName = Release;
		};
		0AAC067B272AB92B00818356 /* Build configuration list for PBXNativeTarget "Resolver WorkshopTests" */ = {
			isa = XCConfigurationList;
			buildConfigurations = (
				0AAC067C272AB92B00818356 /* Debug */,
				0AAC067D272AB92B00818356 /* Release */,
			);
			defaultConfigurationIsVisible = 0;
			defaultConfigurationName = Release;
		};
		0AAC067E272AB92B00818356 /* Build configuration list for PBXNativeTarget "Resolver WorkshopUITests" */ = {
			isa = XCConfigurationList;
			buildConfigurations = (
				0AAC067F272AB92B00818356 /* Debug */,
				0AAC0680272AB92B00818356 /* Release */,
			);
			defaultConfigurationIsVisible = 0;
			defaultConfigurationName = Release;
		};
/* End XCConfigurationList section */

/* Begin XCRemoteSwiftPackageReference section */
		0AAC0685272ABBE300818356 /* XCRemoteSwiftPackageReference "SwinjectAutoregistration" */ = {
			isa = XCRemoteSwiftPackageReference;
			repositoryURL = "https://github.com/Swinject/SwinjectAutoregistration.git";
			requirement = {
				branch = master;
				kind = branch;
			};
		};
		0AAC069B272AC57200818356 /* XCRemoteSwiftPackageReference "EasyPeasy" */ = {
			isa = XCRemoteSwiftPackageReference;
			repositoryURL = "https://github.com/nakiostudio/EasyPeasy.git";
			requirement = {
				kind = upToNextMajorVersion;
				minimumVersion = 1.0.0;
			};
		};
/* End XCRemoteSwiftPackageReference section */

/* Begin XCSwiftPackageProductDependency section */
		0AAC0686272ABBE300818356 /* SwinjectAutoregistration */ = {
			isa = XCSwiftPackageProductDependency;
			package = 0AAC0685272ABBE300818356 /* XCRemoteSwiftPackageReference "SwinjectAutoregistration" */;
			productName = SwinjectAutoregistration;
		};
		0AAC069C272AC57200818356 /* EasyPeasy */ = {
			isa = XCSwiftPackageProductDependency;
			package = 0AAC069B272AC57200818356 /* XCRemoteSwiftPackageReference "EasyPeasy" */;
			productName = EasyPeasy;
		};
/* End XCSwiftPackageProductDependency section */
	};
	rootObject = 0AAC0646272AB92700818356 /* Project object */;
}
